// !$*UTF8*$!
{
	archiveVersion = 1;
	classes = {
	};
	objectVersion = 46;
	objects = {

/* Begin PBXBuildFile section */
		A90EECA71E76675D00604C8D /* main.m in Sources */ = {isa = PBXBuildFile; fileRef = A90EECA61E76675D00604C8D /* main.m */; };
		A90EECAA1E76675D00604C8D /* AppDelegate.m in Sources */ = {isa = PBXBuildFile; fileRef = A90EECA91E76675D00604C8D /* AppDelegate.m */; };
		A90EECAD1E76675D00604C8D /* ViewController.m in Sources */ = {isa = PBXBuildFile; fileRef = A90EECAC1E76675D00604C8D /* ViewController.m */; };
		A90EECB01E76675D00604C8D /* Main.storyboard in Resources */ = {isa = PBXBuildFile; fileRef = A90EECAE1E76675D00604C8D /* Main.storyboard */; };
		A90EECB21E76675D00604C8D /* Assets.xcassets in Resources */ = {isa = PBXBuildFile; fileRef = A90EECB11E76675D00604C8D /* Assets.xcassets */; };
		A90EECB51E76675D00604C8D /* LaunchScreen.storyboard in Resources */ = {isa = PBXBuildFile; fileRef = A90EECB31E76675D00604C8D /* LaunchScreen.storyboard */; };
		A90EECBE1E76677C00604C8D /* WKWebView+Post.m in Sources */ = {isa = PBXBuildFile; fileRef = A90EECBD1E76677C00604C8D /* WKWebView+Post.m */; };
/* End PBXBuildFile section */

/* Begin PBXFileReference section */
		A90EECA21E76675D00604C8D /* WKWebView_POST.app */ = {isa = PBXFileReference; explicitFileType = wrapper.application; includeInIndex = 0; path = WKWebView_POST.app; sourceTree = BUILT_PRODUCTS_DIR; };
		A90EECA61E76675D00604C8D /* main.m */ = {isa = PBXFileReference; lastKnownFileType = sourcecode.c.objc; path = main.m; sourceTree = "<group>"; };
		A90EECA81E76675D00604C8D /* AppDelegate.h */ = {isa = PBXFileReference; lastKnownFileType = sourcecode.c.h; path = AppDelegate.h; sourceTree = "<group>"; };
		A90EECA91E76675D00604C8D /* AppDelegate.m */ = {isa = PBXFileReference; lastKnownFileType = sourcecode.c.objc; path = AppDelegate.m; sourceTree = "<group>"; };
		A90EECAB1E76675D00604C8D /* ViewController.h */ = {isa = PBXFileReference; lastKnownFileType = sourcecode.c.h; path = ViewController.h; sourceTree = "<group>"; };
		A90EECAC1E76675D00604C8D /* ViewController.m */ = {isa = PBXFileReference; lastKnownFileType = sourcecode.c.objc; path = ViewController.m; sourceTree = "<group>"; };
		A90EECAF1E76675D00604C8D /* Base */ = {isa = PBXFileReference; lastKnownFileType = file.storyboard; name = Base; path = Base.lproj/Main.storyboard; sourceTree = "<group>"; };
		A90EECB11E76675D00604C8D /* Assets.xcassets */ = {isa = PBXFileReference; lastKnownFileType = folder.assetcatalog; path = Assets.xcassets; sourceTree = "<group>"; };
		A90EECB41E76675D00604C8D /* Base */ = {isa = PBXFileReference; lastKnownFileType = file.storyboard; name = Base; path = Base.lproj/LaunchScreen.storyboard; sourceTree = "<group>"; };
		A90EECB61E76675D00604C8D /* Info.plist */ = {isa = PBXFileReference; lastKnownFileType = text.plist.xml; path = Info.plist; sourceTree = "<group>"; };
		A90EECBC1E76677C00604C8D /* WKWebView+Post.h */ = {isa = PBXFileReference; fileEncoding = 4; lastKnownFileType = sourcecode.c.h; path = "WKWebView+Post.h"; sourceTree = "<group>"; };
		A90EECBD1E76677C00604C8D /* WKWebView+Post.m */ = {isa = PBXFileReference; fileEncoding = 4; lastKnownFileType = sourcecode.c.objc; path = "WKWebView+Post.m"; sourceTree = "<group>"; };
/* End PBXFileReference section */

/* Begin PBXFrameworksBuildPhase section */
		A90EEC9F1E76675D00604C8D /* Frameworks */ = {
			isa = PBXFrameworksBuildPhase;
			buildActionMask = 2147483647;
			files = (
			);
			runOnlyForDeploymentPostprocessing = 0;
		};
/* End PBXFrameworksBuildPhase section */

/* Begin PBXGroup section */
		A90EEC991E76675D00604C8D = {
			isa = PBXGroup;
			children = (
				A90EECA41E76675D00604C8D /* WKWebView_POST */,
				A90EECA31E76675D00604C8D /* Products */,
			);
			sourceTree = "<group>";
		};
		A90EECA31E76675D00604C8D /* Products */ = {
			isa = PBXGroup;
			children = (
				A90EECA21E76675D00604C8D /* WKWebView_POST.app */,
			);
			name = Products;
			sourceTree = "<group>";
		};
		A90EECA41E76675D00604C8D /* WKWebView_POST */ = {
			isa = PBXGroup;
			children = (
				A90EECBC1E76677C00604C8D /* WKWebView+Post.h */,
				A90EECBD1E76677C00604C8D /* WKWebView+Post.m */,
				A90EECA81E76675D00604C8D /* AppDelegate.h */,
				A90EECA91E76675D00604C8D /* AppDelegate.m */,
				A90EECAB1E76675D00604C8D /* ViewController.h */,
				A90EECAC1E76675D00604C8D /* ViewController.m */,
				A90EECAE1E76675D00604C8D /* Main.storyboard */,
				A90EECB11E76675D00604C8D /* Assets.xcassets */,
				A90EECB31E76675D00604C8D /* LaunchScreen.storyboard */,
				A90EECB61E76675D00604C8D /* Info.plist */,
				A90EECA51E76675D00604C8D /* Supporting Files */,
			);
			path = WKWebView_POST;
			sourceTree = "<group>";
		};
		A90EECA51E76675D00604C8D /* Supporting Files */ = {
			isa = PBXGroup;
			children = (
				A90EECA61E76675D00604C8D /* main.m */,
			);
			name = "Supporting Files";
			sourceTree = "<group>";
		};
/* End PBXGroup section */

/* Begin PBXNativeTarget section */
		A90EECA11E76675D00604C8D /* WKWebView_POST */ = {
			isa = PBXNativeTarget;
			buildConfigurationList = A90EECB91E76675D00604C8D /* Build configuration list for PBXNativeTarget "WKWebView_POST" */;
			buildPhases = (
				A90EEC9E1E76675D00604C8D /* Sources */,
				A90EEC9F1E76675D00604C8D /* Frameworks */,
				A90EECA01E76675D00604C8D /* Resources */,
			);
			buildRules = (
			);
			dependencies = (
			);
			name = WKWebView_POST;
			productName = WKWebView_POST;
			productReference = A90EECA21E76675D00604C8D /* WKWebView_POST.app */;
			productType = "com.apple.product-type.application";
		};
/* End PBXNativeTarget section */

/* Begin PBXProject section */
		A90EEC9A1E76675D00604C8D /* Project object */ = {
			isa = PBXProject;
			attributes = {
				LastUpgradeCheck = 0830;
				ORGANIZATIONNAME = ylchun;
				TargetAttributes = {
					A90EECA11E76675D00604C8D = {
						CreatedOnToolsVersion = 8.3;
						DevelopmentTeam = 5ATRCX89M9;
						ProvisioningStyle = Automatic;
					};
				};
			};
			buildConfigurationList = A90EEC9D1E76675D00604C8D /* Build configuration list for PBXProject "WKWebView_POST" */;
			compatibilityVersion = "Xcode 3.2";
			developmentRegion = English;
			hasScannedForEncodings = 0;
			knownRegions = (
				en,
				Base,
			);
			mainGroup = A90EEC991E76675D00604C8D;
			productRefGroup = A90EECA31E76675D00604C8D /* Products */;
			projectDirPath = "";
			projectRoot = "";
			targets = (
				A90EECA11E76675D00604C8D /* WKWebView_POST */,
			);
		};
/* End PBXProject section */

/* Begin PBXResourcesBuildPhase section */
		A90EECA01E76675D00604C8D /* Resources */ = {
			isa = PBXResourcesBuildPhase;
			buildActionMask = 2147483647;
			files = (
				A90EECB51E76675D00604C8D /* LaunchScreen.storyboard in Resources */,
				A90EECB21E76675D00604C8D /* Assets.xcassets in Resources */,
				A90EECB01E76675D00604C8D /* Main.storyboard in Resources */,
			);
			runOnlyForDeploymentPostprocessing = 0;
		};
/* End PBXResourcesBuildPhase section */

/* Begin PBXSourcesBuildPhase section */
		A90EEC9E1E76675D00604C8D /* Sources */ = {
			isa = PBXSourcesBuildPhase;
			buildActionMask = 2147483647;
			files = (
				A90EECAD1E76675D00604C8D /* ViewController.m in Sources */,
				A90EECAA1E76675D00604C8D /* AppDelegate.m in Sources */,
				A90EECA71E76675D00604C8D /* main.m in Sources */,
				A90EECBE1E76677C00604C8D /* WKWebView+Post.m in Sources */,
			);
			runOnlyForDeploymentPostprocessing = 0;
		};
/* End PBXSourcesBuildPhase section */

/* Begin PBXVariantGroup section */
		A90EECAE1E76675D00604C8D /* Main.storyboard */ = {
			isa = PBXVariantGroup;
			children = (
				A90EECAF1E76675D00604C8D /* Base */,
			);
			name = Main.storyboard;
			sourceTree = "<group>";
		};
		A90EECB31E76675D00604C8D /* LaunchScreen.storyboard */ = {
			isa = PBXVariantGroup;
			children = (
				A90EECB41E76675D00604C8D /* Base */,
			);
			name = LaunchScreen.storyboard;
			sourceTree = "<group>";
		};
/* End PBXVariantGroup section */

/* Begin XCBuildConfiguration section */
		A90EECB71E76675D00604C8D /* Debug */ = {
			isa = XCBuildConfiguration;
			buildSettings = {
				ALWAYS_SEARCH_USER_PATHS = NO;
				CLANG_ANALYZER_NONNULL = YES;
				CLANG_ANALYZER_NUMBER_OBJECT_CONVERSION = YES_AGGRESSIVE;
				CLANG_CXX_LANGUAGE_STANDARD = "gnu++0x";
				CLANG_CXX_LIBRARY = "libc++";
				CLANG_ENABLE_MODULES = YES;
				CLANG_ENABLE_OBJC_ARC = YES;
				CLANG_WARN_BOOL_CONVERSION = YES;
				CLANG_WARN_CONSTANT_CONVERSION = YES;
				CLANG_WARN_DIRECT_OBJC_ISA_USAGE = YES_ERROR;
				CLANG_WARN_DOCUMENTATION_COMMENTS = YES;
				CLANG_WARN_EMPTY_BODY = YES;
				CLANG_WARN_ENUM_CONVERSION = YES;
				CLANG_WARN_INFINITE_RECURSION = YES;
				CLANG_WARN_INT_CONVERSION = YES;
				CLANG_WARN_OBJC_ROOT_CLASS = YES_ERROR;
				CLANG_WARN_SUSPICIOUS_MOVE = YES;
				CLANG_WARN_UNREACHABLE_CODE = YES;
				CLANG_WARN__DUPLICATE_METHOD_MATCH = YES;
				"CODE_SIGN_IDENTITY[sdk=iphoneos*]" = "iPhone Developer";
				COPY_PHASE_STRIP = NO;
				DEBUG_INFORMATION_FORMAT = dwarf;
				ENABLE_STRICT_OBJC_MSGSEND = YES;
				ENABLE_TESTABILITY = YES;
				GCC_C_LANGUAGE_STANDARD = gnu99;
				GCC_DYNAMIC_NO_PIC = NO;
				GCC_NO_COMMON_BLOCKS = YES;
				GCC_OPTIMIZATION_LEVEL = 0;
				GCC_PREPROCESSOR_DEFINITIONS = (
					"DEBUG=1",
					"$(inherited)",
				);
				GCC_WARN_64_TO_32_BIT_CONVERSION = YES;
				GCC_WARN_ABOUT_RETURN_TYPE = YES_ERROR;
				GCC_WARN_UNDECLARED_SELECTOR = YES;
				GCC_WARN_UNINITIALIZED_AUTOS = YES_AGGRESSIVE;
				GCC_WARN_UNUSED_FUNCTION = YES;
				GCC_WARN_UNUSED_VARIABLE = YES;
				IPHONEOS_DEPLOYMENT_TARGET = 10.3;
				MTL_ENABLE_DEBUG_INFO = YES;
				ONLY_ACTIVE_ARCH = YES;
				SDKROOT = iphoneos;
				TARGETED_DEVICE_FAMILY = "1,2";
			};
			name = Debug;
		};
		A90EECB81E76675D00604C8D /* Release */ = {
			isa = XCBuildConfiguration;
			buildSettings = {
				ALWAYS_SEARCH_USER_PATHS = NO;
				CLANG_ANALYZER_NONNULL = YES;
				CLANG_ANALYZER_NUMBER_OBJECT_CONVERSION = YES_AGGRESSIVE;
				CLANG_CXX_LANGUAGE_STANDARD = "gnu++0x";
				CLANG_CXX_LIBRARY = "libc++";
				CLANG_ENABLE_MODULES = YES;
				CLANG_ENABLE_OBJC_ARC = YES;
				CLANG_WARN_BOOL_CONVERSION = YES;
				CLANG_WARN_CONSTANT_CONVERSION = YES;
				CLANG_WARN_DIRECT_OBJC_ISA_USAGE = YES_ERROR;
				CLANG_WARN_DOCUMENTATION_COMMENTS = YES;
				CLANG_WARN_EMPTY_BODY = YES;
				CLANG_WARN_ENUM_CONVERSION = YES;
				CLANG_WARN_INFINITE_RECURSION = YES;
				CLANG_WARN_INT_CONVERSION = YES;
				CLANG_WARN_OBJC_ROOT_CLASS = YES_ERROR;
				CLANG_WARN_SUSPICIOUS_MOVE = YES;
				CLANG_WARN_UNREACHABLE_CODE = YES;
				CLANG_WARN__DUPLICATE_METHOD_MATCH = YES;
				"CODE_SIGN_IDENTITY[sdk=iphoneos*]" = "iPhone Developer";
				COPY_PHASE_STRIP = NO;
				DEBUG_INFORMATION_FORMAT = "dwarf-with-dsym";
				ENABLE_NS_ASSERTIONS = NO;
				ENABLE_STRICT_OBJC_MSGSEND = YES;
				GCC_C_LANGUAGE_STANDARD = gnu99;
				GCC_NO_COMMON_BLOCKS = YES;
				GCC_WARN_64_TO_32_BIT_CONVERSION = YES;
				GCC_WARN_ABOUT_RETURN_TYPE = YES_ERROR;
				GCC_WARN_UNDECLARED_SELECTOR = YES;
				GCC_WARN_UNINITIALIZED_AUTOS = YES_AGGRESSIVE;
				GCC_WARN_UNUSED_FUNCTION = YES;
				GCC_WARN_UNUSED_VARIABLE = YES;
				IPHONEOS_DEPLOYMENT_TARGET = 10.3;
				MTL_ENABLE_DEBUG_INFO = NO;
				SDKROOT = iphoneos;
				TARGETED_DEVICE_FAMILY = "1,2";
				VALIDATE_PRODUCT = YES;
			};
			name = Release;
		};
		A90EECBA1E76675D00604C8D /* Debug */ = {
			isa = XCBuildConfiguration;
			buildSettings = {
				ASSETCATALOG_COMPILER_APPICON_NAME = AppIcon;
				DEVELOPMENT_TEAM = 5ATRCX89M9;
				INFOPLIST_FILE = WKWebView_POST/Info.plist;
				LD_RUNPATH_SEARCH_PATHS = "$(inherited) @executable_path/Frameworks";
				PRODUCT_BUNDLE_IDENTIFIER = "com.ppsports.ylchun.WKWebView-POST";
				PRODUCT_NAME = "$(TARGET_NAME)";
			};
			name = Debug;
		};
		A90EECBB1E76675D00604C8D /* Release */ = {
			isa = XCBuildConfiguration;
			buildSettings = {
				ASSETCATALOG_COMPILER_APPICON_NAME = AppIcon;
				DEVELOPMENT_TEAM = 5ATRCX89M9;
				INFOPLIST_FILE = WKWebView_POST/Info.plist;
				LD_RUNPATH_SEARCH_PATHS = "$(inherited) @executable_path/Frameworks";
				PRODUCT_BUNDLE_IDENTIFIER = "com.ppsports.ylchun.WKWebView-POST";
				PRODUCT_NAME = "$(TARGET_NAME)";
			};
			name = Release;
		};
/* End XCBuildConfiguration section */

/* Begin XCConfigurationList section */
		A90EEC9D1E76675D00604C8D /* Build configuration list for PBXProject "WKWebView_POST" */ = {
			isa = XCConfigurationList;
			buildConfigurations = (
				A90EECB71E76675D00604C8D /* Debug */,
				A90EECB81E76675D00604C8D /* Release */,
			);
			defaultConfigurationIsVisible = 0;
			defaultConfigurationName = Release;
		};
		A90EECB91E76675D00604C8D /* Build configuration list for PBXNativeTarget "WKWebView_POST" */ = {
			isa = XCConfigurationList;
			buildConfigurations = (
				A90EECBA1E76675D00604C8D /* Debug */,
				A90EECBB1E76675D00604C8D /* Release */,
			);
			defaultConfigurationIsVisible = 0;
		};
/* End XCConfigurationList section */
	};
	rootObject = A90EEC9A1E76675D00604C8D /* Project object */;
}
